{"base_image":{"python":{"path":"/usr/bin/python3.12","sha256":"sha256:e1efa562c2cc2e35521a5c9c9b9939921001ff8ca9708a13ef15ace68cc2ccd7"},"reference":"ghcr.io/ethanelasky/verl-megatron-ssh@sha256:162f12d0ba6fbceaf56294d783551b2e83aefcc6e76b9138737acd358ee0baa8"},"distributions":[{"name":"absl-py","version":"2.5.0"},{"name":"accelerate","version":"1.14.0"},{"name":"agent-client-protocol","version":"0.12.0"},{"name":"aioboto3","version":"15.5.0"},{"name":"aiobotocore","version":"2.25.1"},{"name":"aiofiles","version":"25.1.0"},{"name":"aiohappyeyeballs","version":"2.7.1"},{"name":"aiohttp","version":"3.14.3"},{"name":"aiohttp-cors","version":"0.8.1"},{"name":"aioitertools","version":"0.13.0"},{"name":"aiosignal","version":"1.4.0"},{"name":"annotated-doc","version":"0.0.5"},{"name":"annotated-types","version":"0.8.0"},{"name":"anthropic","version":"0.121.0"},{"name":"antlr4-python3-runtime","version":"4.9.3"},{"name":"anyio","version":"4.14.2"},{"name":"apache-tvm-ffi","version":"0.1.9"},{"name":"astor","version":"0.8.1"},{"name":"attrs","version":"26.1.0"},{"name":"backoff","version":"2.2.1"},{"name":"beautifulsoup4","version":"4.15.0"},{"name":"blake3","version":"1.0.9"},{"name":"boto3","version":"1.40.61"},{"name":"botocore","version":"1.40.61"},{"name":"cachetools","version":"7.1.7"},{"name":"cbor2","version":"6.1.4"},{"name":"certifi","version":"2026.7.22"},{"name":"cffi","version":"2.1.1"},{"name":"charset-normalizer","version":"3.4.9"},{"name":"click","version":"8.4.2"},{"name":"cloudpickle","version":"3.1.2"},{"name":"codetiming","version":"1.4.0"},{"name":"colorful","version":"0.5.8"},{"name":"compressed-tensors","version":"0.17.0"},{"name":"cryptography","version":"50.0.0"},{"name":"cuda-bindings","version":"13.3.1"},{"name":"cuda-core","version":"1.0.1"},{"name":"cuda-pathfinder","version":"1.6.0"},{"name":"cuda-python","version":"13.3.1"},{"name":"cuda-tile","version":"1.3.0"},{"name":"cuda-toolkit","version":"13.0.2"},{"name":"datasets","version":"5.0.1"},{"name":"debugpy","version":"1.8.21"},{"name":"depyf","version":"0.20.0"},{"name":"detect-installer","version":"0.1.0"},{"name":"dill","version":"0.4.1"},{"name":"diskcache","version":"5.6.3"},{"name":"distlib","version":"0.4.3"},{"name":"distro","version":"1.9.0"},{"name":"dnspython","version":"2.8.0"},{"name":"docent","version":"0.1.78"},{"name":"docent-python","version":"0.1.78"},{"name":"docstring-parser","version":"0.18.0"},{"name":"einops","version":"0.8.2"},{"name":"email-validator","version":"2.3.0"},{"name":"fastapi","version":"0.136.3"},{"name":"fastapi-cli","version":"0.0.32"},{"name":"fastapi-cloud-cli","version":"0.23.0"},{"name":"fastar","version":"0.11.0"},{"name":"fastsafetensors","version":"0.3.3"},{"name":"filelock","version":"3.32.2"},{"name":"flashinfer-cubin","version":"0.6.12"},{"name":"flashinfer-python","version":"0.6.12"},{"name":"frozenlist","version":"1.8.0"},{"name":"fsspec","version":"2025.9.0"},{"name":"google-api-core","version":"2.34.0"},{"name":"google-auth","version":"2.56.3"},{"name":"google-genai","version":"2.17.0"},{"name":"googleapis-common-protos","version":"1.75.1"},{"name":"grpcio","version":"1.83.0"},{"name":"h11","version":"0.16.0"},{"name":"hf-xet","version":"1.6.0"},{"name":"httpcore","version":"1.0.9"},{"name":"httptools","version":"0.8.0"},{"name":"httpx","version":"0.28.1"},{"name":"httpx-sse","version":"0.4.3"},{"name":"huggingface-hub","version":"1.27.0"},{"name":"humming-kernels","version":"0.1.6"},{"name":"hydra-core","version":"1.3.5"},{"name":"idna","version":"3.18"},{"name":"ijson","version":"3.5.1"},{"name":"importlib-metadata","version":"9.0.0"},{"name":"inspect-ai","version":"0.3.252"},{"name":"interegular","version":"0.3.3"},{"name":"jinja2","version":"3.1.6"},{"name":"jiter","version":"0.16.0"},{"name":"jmespath","version":"1.1.0"},{"name":"jsonlines","version":"4.0.0"},{"name":"jsonpatch","version":"1.33"},{"name":"jsonpath-ng","version":"1.8.0"},{"name":"jsonpointer","version":"3.1.1"},{"name":"jsonref","version":"1.1.0"},{"name":"jsonschema","version":"4.26.0"},{"name":"jsonschema-specifications","version":"2025.9.1"},{"name":"lark","version":"1.2.2"},{"name":"linkify-it-py","version":"2.1.0"},{"name":"llguidance","version":"1.7.6"},{"name":"llvmlite","version":"0.47.0"},{"name":"lm-format-enforcer","version":"0.11.3"},{"name":"loguru","version":"0.7.3"},{"name":"markdown","version":"3.10.3"},{"name":"markdown-it-py","version":"4.2.0"},{"name":"markupsafe","version":"3.0.3"},{"name":"mcp","version":"1.29.0"},{"name":"mdit-py-plugins","version":"0.6.1"},{"name":"mdurl","version":"0.1.2"},{"name":"mistral-common","version":"1.11.7"},{"name":"ml-dtypes","version":"0.5.4"},{"name":"mmh3","version":"5.2.1"},{"name":"model-hosting-container-standards","version":"0.1.16"},{"name":"mpmath","version":"1.3.0"},{"name":"msgpack","version":"1.2.1"},{"name":"msgspec","version":"0.21.1"},{"name":"multidict","version":"6.7.1"},{"name":"multiprocess","version":"0.70.19"},{"name":"nest-asyncio2","version":"1.7.2"},{"name":"networkx","version":"3.6.1"},{"name":"ninja","version":"1.13.0"},{"name":"numba","version":"0.65.0"},{"name":"numpy","version":"2.3.5"},{"name":"nvidia-cublas","version":"13.1.0.3"},{"name":"nvidia-cuda-cccl","version":"13.3.3.4.1"},{"name":"nvidia-cuda-crt","version":"13.3.73"},{"name":"nvidia-cuda-cupti","version":"13.0.85"},{"name":"nvidia-cuda-nvcc","version":"13.2.86"},{"name":"nvidia-cuda-nvrtc","version":"13.0.88"},{"name":"nvidia-cuda-runtime","version":"13.0.96"},{"name":"nvidia-cuda-tileiras","version":"13.2.86"},{"name":"nvidia-cudnn-cu13","version":"9.19.0.56"},{"name":"nvidia-cudnn-frontend","version":"1.27.0"},{"name":"nvidia-cufft","version":"12.0.0.61"},{"name":"nvidia-cufile","version":"1.15.1.6"},{"name":"nvidia-curand","version":"10.4.0.35"},{"name":"nvidia-cusolver","version":"12.0.4.66"},{"name":"nvidia-cusparse","version":"12.6.3.3"},{"name":"nvidia-cusparselt-cu13","version":"0.8.0"},{"name":"nvidia-cutlass-dsl","version":"4.5.2"},{"name":"nvidia-cutlass-dsl-libs-base","version":"4.5.2"},{"name":"nvidia-cutlass-dsl-libs-cu13","version":"4.5.2"},{"name":"nvidia-ml-py","version":"13.610.43"},{"name":"nvidia-nccl-cu13","version":"2.28.9"},{"name":"nvidia-nvjitlink","version":"13.0.88"},{"name":"nvidia-nvshmem-cu13","version":"3.4.5"},{"name":"nvidia-nvtx","version":"13.0.85"},{"name":"nvidia-nvvm","version":"13.2.86"},{"name":"omegaconf","version":"2.3.1"},{"name":"openai","version":"2.53.0"},{"name":"openai-harmony","version":"0.0.8"},{"name":"opencensus","version":"0.11.4"},{"name":"opencensus-context","version":"0.1.3"},{"name":"opencv-python-headless","version":"5.0.0.93"},{"name":"opentelemetry-api","version":"1.44.0"},{"name":"opentelemetry-exporter-otlp","version":"1.44.0"},{"name":"opentelemetry-exporter-otlp-proto-common","version":"1.44.0"},{"name":"opentelemetry-exporter-otlp-proto-grpc","version":"1.44.0"},{"name":"opentelemetry-exporter-otlp-proto-http","version":"1.44.0"},{"name":"opentelemetry-exporter-prometheus","version":"0.65b0"},{"name":"opentelemetry-instrumentation","version":"0.65b0"},{"name":"opentelemetry-instrumentation-anthropic","version":"0.54.0"},{"name":"opentelemetry-instrumentation-bedrock","version":"0.54.0"},{"name":"opentelemetry-instrumentation-google-generativeai","version":"0.54.0"},{"name":"opentelemetry-instrumentation-langchain","version":"0.54.0"},{"name":"opentelemetry-instrumentation-openai","version":"0.54.0"},{"name":"opentelemetry-instrumentation-threading","version":"0.65b0"},{"name":"opentelemetry-proto","version":"1.44.0"},{"name":"opentelemetry-sdk","version":"1.44.0"},{"name":"opentelemetry-semantic-conventions","version":"0.65b0"},{"name":"opentelemetry-semantic-conventions-ai","version":"0.5.1"},{"name":"orjson","version":"3.11.9"},{"name":"outlines-core","version":"0.2.14"},{"name":"packaging","version":"25.0"},{"name":"pandas","version":"3.0.5"},{"name":"partial-json-parser","version":"0.2.1.1.post7"},{"name":"pathlib-abc","version":"0.5.2"},{"name":"peft","version":"0.20.0"},{"name":"pillow","version":"12.3.0"},{"name":"pip","version":"26.2.1"},{"name":"platformdirs","version":"4.11.1"},{"name":"prometheus-client","version":"0.26.0"},{"name":"prometheus-fastapi-instrumentator","version":"8.1.0"},{"name":"propcache","version":"0.5.2"},{"name":"proto-plus","version":"1.28.3"},{"name":"protobuf","version":"7.35.1"},{"name":"psutil","version":"7.2.2"},{"name":"py-cpuinfo","version":"9.0.0"},{"name":"py-spy","version":"0.4.2"},{"name":"pyarrow","version":"25.0.0"},{"name":"pyasn1","version":"0.6.4"},{"name":"pyasn1-modules","version":"0.4.2"},{"name":"pybase64","version":"1.4.3"},{"name":"pybind11","version":"3.1.0"},{"name":"pycountry","version":"26.2.16"},{"name":"pycparser","version":"3.0"},{"name":"pydantic","version":"2.13.4"},{"name":"pydantic-core","version":"2.46.4"},{"name":"pydantic-extra-types","version":"2.11.1"},{"name":"pydantic-settings","version":"2.15.0"},{"name":"pyelftools","version":"0.33"},{"name":"pygments","version":"2.20.0"},{"name":"pyjwt","version":"2.13.0"},{"name":"pylatexenc","version":"2.11"},{"name":"python-dateutil","version":"2.9.0.post0"},{"name":"python-discovery","version":"1.5.1"},{"name":"python-dotenv","version":"1.2.2"},{"name":"python-json-logger","version":"4.1.0"},{"name":"python-multipart","version":"0.0.32"},{"name":"pyvers","version":"0.1.0"},{"name":"pyyaml","version":"6.0.3"},{"name":"pyzmq","version":"27.1.0"},{"name":"quack-kernels","version":"0.5.0"},{"name":"ray","version":"2.56.1"},{"name":"referencing","version":"0.37.0"},{"name":"regex","version":"2026.7.19"},{"name":"requests","version":"2.34.2"},{"name":"rich","version":"15.0.0"},{"name":"rich-toolkit","version":"0.20.3"},{"name":"rignore","version":"0.8.1"},{"name":"rpds-py","version":"2026.6.3"},{"name":"s3fs","version":"2025.9.0"},{"name":"s3transfer","version":"0.14.0"},{"name":"safetensors","version":"0.8.0"},{"name":"semver","version":"3.0.4"},{"name":"sentencepiece","version":"0.2.2"},{"name":"sentry-sdk","version":"2.66.1"},{"name":"setproctitle","version":"1.3.7"},{"name":"setuptools","version":"80.10.2"},{"name":"shellingham","version":"1.5.4"},{"name":"shortuuid","version":"1.0.13"},{"name":"six","version":"1.17.0"},{"name":"smart-open","version":"8.0.1"},{"name":"sniffio","version":"1.3.1"},{"name":"soupsieve","version":"2.9.2"},{"name":"sse-starlette","version":"3.4.8"},{"name":"starlette","version":"1.4.1"},{"name":"supervisor","version":"4.3.0"},{"name":"sympy","version":"1.14.0"},{"name":"tabulate","version":"0.10.0"},{"name":"tenacity","version":"9.1.4"},{"name":"tensorboard","version":"2.21.0"},{"name":"tensorboard-data-server","version":"0.7.2"},{"name":"tensordict","version":"0.10.0"},{"name":"textual","version":"8.2.8"},{"name":"tiktoken","version":"0.13.0"},{"name":"tilelang","version":"0.1.9"},{"name":"tokenizers","version":"0.22.2"},{"name":"tokenspeed-mla","version":"0.1.2"},{"name":"tokenspeed-triton","version":"3.8.10.post20260721"},{"name":"torch","version":"2.11.0"},{"name":"torch-c-dlpack-ext","version":"0.1.5"},{"name":"torchaudio","version":"2.11.0"},{"name":"torchdata","version":"0.11.0"},{"name":"torchvision","version":"0.26.0"},{"name":"tqdm","version":"4.70.0"},{"name":"transformers","version":"5.14.1"},{"name":"triton","version":"3.6.0"},{"name":"typer","version":"0.27.1"},{"name":"typing-extensions","version":"4.16.0"},{"name":"typing-inspection","version":"0.4.2"},{"name":"uc-micro-py","version":"2.0.0"},{"name":"universal-pathlib","version":"0.3.10"},{"name":"urllib3","version":"2.7.0"},{"name":"uvicorn","version":"0.52.1"},{"name":"uvloop","version":"0.22.1"},{"name":"verl","version":"0.9.0.dev0"},{"name":"virtualenv","version":"21.7.2"},{"name":"vllm","version":"0.24.0"},{"name":"wandb","version":"0.28.1"},{"name":"watchdog","version":"6.0.0"},{"name":"watchfiles","version":"1.2.0"},{"name":"websockets","version":"16.1.1"},{"name":"werkzeug","version":"3.1.8"},{"name":"wrapt","version":"1.17.3"},{"name":"xgrammar","version":"0.2.3"},{"name":"xxhash","version":"3.8.1"},{"name":"yarl","version":"1.24.5"},{"name":"z3-solver","version":"4.15.4.0"},{"name":"zipfile-zstd","version":"0.0.4"},{"name":"zipp","version":"4.1.0"},{"name":"zstandard","version":"0.25.0"}],"provenance_tier":"content-addressed-binary-seed","python_version":"3.12.3","runtime_root":"/opt/job-scheduler/debate-runtime/v1","schema":"runpod-safety.debate-runtime-binary-seed-lock/v2","seed":{"format":"tar+zstd","path":"verl-b200-portable.tar.zst","prefix":"workspace/envs/verl-b200","repository":"ethanelasky/verl-b200-env","revision":"dd4c26f6cb38002a56d55556c6e622308394e400","sha256":"sha256:65ebafdd4e02e64887cb03740c9557dfcd17e98f8b8f720700c8166179fe62e9","size":3891912437,"uncompressed_path":"verl-b200-portable.tar","uncompressed_sha256":"sha256:171b9b1c8ccd7e5a28b8a919e16e268d5b60cb7a34186ff78e4f7a15f5fa9c59","uncompressed_size":10294538240},"transformation":{"allowed_pth":[{"path":"lib/python3.12/site-packages/_virtualenv.pth","sha256":"sha256:69ac3d8f27e679c81b94ab30b3b56e9cd138219b1ba94a1fa3606d5a76a1433d"},{"path":"lib/python3.12/site-packages/distutils-precedence.pth","sha256":"sha256:2638ce9e2500e572a5e0de7faed6661eb569d1b696fcba07b0dd223da5f5d224"},{"path":"lib/python3.12/site-packages/nvidia_cutlass_dsl.pth","sha256":"sha256:ca9b44371adda32f6ee6e3bf090becc1b87f1c4a5602f1db535e616bf3fdf4fb"}],"allowed_workspace_files":[{"path":"python/lib/python3.12/site-packages/anthropic/types/beta/beta_managed_agents_github_repository_resource_config.py","sha256":"sha256:093889598130b247828726faa3ec5699e6be37c24fab047532c1a61af6175525"},{"path":"python/lib/python3.12/site-packages/anthropic/types/beta/beta_managed_agents_github_repository_resource_params.py","sha256":"sha256:75c35ff0d3e7285103d5252cf8e02af8a9ac9c98da621bf600cface04a70c51a"},{"path":"python/lib/python3.12/site-packages/cuda/tile/_cext.cpython-312-x86_64-linux-gnu.so","sha256":"sha256:83b12f85388c1afebe59cd65ec94022afe6f161516af5c281664dbe104c77bb2"},{"path":"python/lib/python3.12/site-packages/flashinfer/mla/_core.py","sha256":"sha256:fe05a0fe0bc69597e08e1beeca254835d57b9cf7ce2ab395dadcc83a8289601e"},{"path":"python/lib/python3.12/site-packages/google/genai/_gaos/agents.py","sha256":"sha256:ce7a0d9d249c8edde64a2cdb3a04f84774b3db6be077118c6416897fb2eb047e"},{"path":"python/lib/python3.12/site-packages/google/genai/_gaos/interactions.py","sha256":"sha256:ea1359e439bd755127d0ad54e476845bb8ebf444d305a6d77ef4122cf023d9af"},{"path":"python/lib/python3.12/site-packages/nvidia/cudnn/lib/libcudnn_engines_precompiled.so.9","sha256":"sha256:7f8ce268b43c0fab298cc43854a006195bc16c0ed43bedf63b11f3699e92c6ae"},{"path":"python/lib/python3.12/site-packages/nvidia/cusparselt/lib/libcusparseLt.so.0","sha256":"sha256:31d5cecfeca7e52228779a5b2ba3e42f01b24319a8c4e14f6cfc44b4302625eb"},{"path":"python/lib/python3.12/site-packages/ray/data/read_api.py","sha256":"sha256:4d7ae45598a8fcdfd1deb432d116c7e676ca51cca0ebba55ac2ec0967c9e145f"},{"path":"python/lib/python3.12/site-packages/torchgen/gen.py","sha256":"sha256:92dac2ff05e5386c174220092f20cb5e8bb59df6ebb9561f223b1ed19818f240"},{"path":"python/lib/python3.12/site-packages/verl/trainer/constants_ppo.py","sha256":"sha256:9487afd48c538e54c620d40d76702c4c0e981caf165978e5ffabc2eccff8af05"},{"path":"python/lib/python3.12/site-packages/vllm/_C_stable_libtorch.abi3.so","sha256":"sha256:686ece5394839c1eb214ba91fdf0219e47fab4ccce0a69a10d3fba39db9a47fb"},{"path":"python/lib/python3.12/site-packages/vllm/_flashmla_C.abi3.so","sha256":"sha256:7d55be379e446ca10ca256cb14ebed974d59ef1b7d905f7552414b846f7b3a91"},{"path":"python/lib/python3.12/site-packages/vllm/_flashmla_extension_C.abi3.so","sha256":"sha256:edf6e8d7d067eebf6d57c8a10b075d97e88e697ed59c62380d6322bdded19e74"},{"path":"python/lib/python3.12/site-packages/vllm/_moe_C_stable_libtorch.abi3.so","sha256":"sha256:d13f4c48610b1d5bec12f4b91d25f0b0160eb8398e7b790720008dbeb7125401"},{"path":"python/lib/python3.12/site-packages/vllm/_qutlass_C.abi3.so","sha256":"sha256:43185ce6a559eab1fe8d75c8674a7260ea0a9eed1282274e169d3dbecdc36ea5"},{"path":"python/lib/python3.12/site-packages/vllm/cumem_allocator.abi3.so","sha256":"sha256:847cc09f52045316610b2b407d17ad776dead1428c29538c8804df921cf0d886"},{"path":"python/lib/python3.12/site-packages/vllm/third_party/deep_gemm/_C.cpython-310-x86_64-linux-gnu.so","sha256":"sha256:76eb62fe570f385f153e633e43a99b49bc3817602205f21d702cc57610b4e40e"},{"path":"python/lib/python3.12/site-packages/vllm/third_party/deep_gemm/_C.cpython-311-x86_64-linux-gnu.so","sha256":"sha256:950512d2dfdb56a11f80bc38a3e0400c8a5265b5ce647379ea970f465d66a105"},{"path":"python/lib/python3.12/site-packages/vllm/third_party/deep_gemm/_C.cpython-312-x86_64-linux-gnu.so","sha256":"sha256:470d97c02062ac85b771e2237c4020793127d7116980f078f729e7731d7853a9"},{"path":"python/lib/python3.12/site-packages/vllm/third_party/deep_gemm/_C.cpython-313-x86_64-linux-gnu.so","sha256":"sha256:67f09e5071892d7c948ab0e3c3dfefcb874204df5d7257bc887858ed1707c3f7"},{"path":"python/lib/python3.12/site-packages/vllm/third_party/deep_gemm/_C.cpython-314-x86_64-linux-gnu.so","sha256":"sha256:be822d12a8f0b4d5276b619d54bdda666c6c46567fdae3e535d78d634cb7de8f"},{"path":"python/lib/python3.12/site-packages/vllm/vllm-rs","sha256":"sha256:4ff0a537f8357b374ed01377b9809ecc8f4f88ddebcf654217be65f21e0814ae"},{"path":"python/lib/python3.12/site-packages/vllm/vllm_flash_attn/_vllm_fa2_C.abi3.so","sha256":"sha256:0bbb0fe7509b99dd33c8bf83fd7815ef77f0015ac73b3bd6c661753f84bd7b2c"},{"path":"python/lib/python3.12/site-packages/vllm/vllm_flash_attn/_vllm_fa3_C.abi3.so","sha256":"sha256:ebbbc6fe6a67d0651385f60b05b3dbe596f3b854d8d0c7efeb88f6a869a372d2"}],"ignored_archive_members":["workspace/uv/python"],"remove_bytecode":true,"removed_links":[{"path":"bin/python","target":"/usr/local/bin/python"},{"path":"bin/python3","target":"python"},{"path":"bin/python3.12","target":"python"},{"path":"lib64","target":"lib"}],"removed_paths":["bin/debate-rl","bin/debate-train","lib/python3.12/site-packages/__editable__.debate-0.1.0.pth","lib/python3.12/site-packages/__editable___debate_0_1_0_finder.py","lib/python3.12/site-packages/__pycache__/__editable___debate_0_1_0_finder.cpython-312.pyc","lib/python3.12/site-packages/debate-0.1.0.dist-info"],"rewrite_prefix_paths":["bin/activate","bin/activate.bat","bin/activate.csh","bin/activate.fish","bin/activate.nu"],"source_prefix":"/workspace/envs/verl-b200","source_pyvenv_sha256":"sha256:504d4cceb81c86759a7c0c232c7326579be3d8ea18cc1869e2e635ecdca0e7f0","source_shebang":"#!/workspace/envs/verl-b200/bin/python\n","target_prefix":"/opt/job-scheduler/debate-runtime/v1/python","target_pyvenv":"home = /usr/bin\nimplementation = CPython\nuv = 0.12.0\nversion_info = 3.12.3\ninclude-system-site-packages = false\nseed = true\n","target_shebang":"#!/opt/job-scheduler/debate-runtime/v1/python/bin/python3.12\n"}}